
Microsoft Visual Studio Solution File, Format Version 12.00
# Visual Studio 15
VisualStudioVersion = 15.0.27703.1
MinimumVisualStudioVersion = 10.0.40219.1
Project("{FAE04EC0-301F-11D3-BF4B-00C04F79EFBC}") = "Re1", "Re1\Re1.csproj", "{6EAA4234-3733-4834-86E4-2B76B77D6A05}"
EndProject
Global
	GlobalSection(SolutionConfigurationPlatforms) = preSolution
		Debug|Any CPU = Debug|Any CPU
		Release|Any CPU = Release|Any CPU
	EndGlobalSection
	GlobalSection(ProjectConfigurationPlatforms) = postSolution
		{6EAA4234-3733-4834-86E4-2B76B77D6A05}.Debug|Any CPU.ActiveCfg = Debug|Any CPU
		{6EAA4234-3733-4834-86E4-2B76B77D6A05}.Debug|Any CPU.Build.0 = Debug|Any CPU
		{6EAA4234-3733-4834-86E4-2B76B77D6A05}.Release|Any CPU.ActiveCfg = Release|Any CPU
		{6EAA4234-3733-4834-86E4-2B76B77D6A05}.Release|Any CPU.Build.0 = Release|Any CPU
	EndGlobalSection
	GlobalSection(SolutionProperties) = preSolution
		HideSolutionNode = FALSE
	EndGlobalSection
	GlobalSection(ExtensibilityGlobals) = postSolution
		SolutionGuid = {73D09DFA-4250-4500-83F0-36A2FA3C3E0C}
	EndGlobalSection
EndGlobal
